
Microsoft Visual Studio Solution File, Format Version 12.00
Project("{FAE04EC0-301F-11D3-BF4B-00C04F79EFBC}") = "AdventOfCode8", "AdventOfCode8\AdventOfCode8.csproj", "{F08E95ED-117A-4F6A-AEA2-BCDE7DAC9778}"
EndProject
Project("{FAE04EC0-301F-11D3-BF4B-00C04F79EFBC}") = "TestProject1", "TestProject1\TestProject1.csproj", "{3F1831E9-E17D-4E12-BE9C-309DBF64F92F}"
EndProject
Global
	GlobalSection(SolutionConfigurationPlatforms) = preSolution
		Debug|Any CPU = Debug|Any CPU
		Release|Any CPU = Release|Any CPU
	EndGlobalSection
	GlobalSection(ProjectConfigurationPlatforms) = postSolution
		{F08E95ED-117A-4F6A-AEA2-BCDE7DAC9778}.Debug|Any CPU.ActiveCfg = Debug|Any CPU
		{F08E95ED-117A-4F6A-AEA2-BCDE7DAC9778}.Debug|Any CPU.Build.0 = Debug|Any CPU
		{F08E95ED-117A-4F6A-AEA2-BCDE7DAC9778}.Release|Any CPU.ActiveCfg = Release|Any CPU
		{F08E95ED-117A-4F6A-AEA2-BCDE7DAC9778}.Release|Any CPU.Build.0 = Release|Any CPU
		{3F1831E9-E17D-4E12-BE9C-309DBF64F92F}.Debug|Any CPU.ActiveCfg = Debug|Any CPU
		{3F1831E9-E17D-4E12-BE9C-309DBF64F92F}.Debug|Any CPU.Build.0 = Debug|Any CPU
		{3F1831E9-E17D-4E12-BE9C-309DBF64F92F}.Release|Any CPU.ActiveCfg = Release|Any CPU
		{3F1831E9-E17D-4E12-BE9C-309DBF64F92F}.Release|Any CPU.Build.0 = Release|Any CPU
	EndGlobalSection
EndGlobal
